// !$*UTF8*$!
{
	archiveVersion = 1;
	classes = {
	};
	objectVersion = 56;
	objects = {

/* Begin PBXBuildFile section */
		5860058628E9090D00B47FB3 /* NetworkManager.swift in Sources */ = {isa = PBXBuildFile; fileRef = 5860058528E9090D00B47FB3 /* NetworkManager.swift */; };
		5860058928E90C2E00B47FB3 /* PokedexModel.swift in Sources */ = {isa = PBXBuildFile; fileRef = 5860058828E90C2E00B47FB3 /* PokedexModel.swift */; };
		5860058B28E90C6A00B47FB3 /* PokedexImageAndTypeModel.swift in Sources */ = {isa = PBXBuildFile; fileRef = 5860058A28E90C6A00B47FB3 /* PokedexImageAndTypeModel.swift */; };
		5860058D28E90D1E00B47FB3 /* PokedexCellModel.swift in Sources */ = {isa = PBXBuildFile; fileRef = 5860058C28E90D1E00B47FB3 /* PokedexCellModel.swift */; };
		5860059128E9138700B47FB3 /* PokemonViewController.swift in Sources */ = {isa = PBXBuildFile; fileRef = 5860059028E9138700B47FB3 /* PokemonViewController.swift */; };
		5860059328E9139A00B47FB3 /* PokemonView.swift in Sources */ = {isa = PBXBuildFile; fileRef = 5860059228E9139A00B47FB3 /* PokemonView.swift */; };
		5860059528E913A200B47FB3 /* PokemonViewModel.swift in Sources */ = {isa = PBXBuildFile; fileRef = 5860059428E913A200B47FB3 /* PokemonViewModel.swift */; };
		58E515F128E9075400DEBCA1 /* AppDelegate.swift in Sources */ = {isa = PBXBuildFile; fileRef = 58E515F028E9075400DEBCA1 /* AppDelegate.swift */; };
		58E515F328E9075400DEBCA1 /* SceneDelegate.swift in Sources */ = {isa = PBXBuildFile; fileRef = 58E515F228E9075400DEBCA1 /* SceneDelegate.swift */; };
		58E5160528E9078F00DEBCA1 /* PokedexViewController.swift in Sources */ = {isa = PBXBuildFile; fileRef = 58E5160428E9078F00DEBCA1 /* PokedexViewController.swift */; };
		58E5160728E907D500DEBCA1 /* PokedexView.swift in Sources */ = {isa = PBXBuildFile; fileRef = 58E5160628E907D500DEBCA1 /* PokedexView.swift */; };
		58E5160928E907DF00DEBCA1 /* PokedexViewModel.swift in Sources */ = {isa = PBXBuildFile; fileRef = 58E5160828E907DF00DEBCA1 /* PokedexViewModel.swift */; };
		58E5160C28E9081D00DEBCA1 /* PokedexCustomCell.swift in Sources */ = {isa = PBXBuildFile; fileRef = 58E5160B28E9081D00DEBCA1 /* PokedexCustomCell.swift */; };
/* End PBXBuildFile section */

/* Begin PBXFileReference section */
		5860058528E9090D00B47FB3 /* NetworkManager.swift */ = {isa = PBXFileReference; lastKnownFileType = sourcecode.swift; path = NetworkManager.swift; sourceTree = "<group>"; };
		5860058828E90C2E00B47FB3 /* PokedexModel.swift */ = {isa = PBXFileReference; lastKnownFileType = sourcecode.swift; path = PokedexModel.swift; sourceTree = "<group>"; };
		5860058A28E90C6A00B47FB3 /* PokedexImageAndTypeModel.swift */ = {isa = PBXFileReference; lastKnownFileType = sourcecode.swift; path = PokedexImageAndTypeModel.swift; sourceTree = "<group>"; };
		5860058C28E90D1E00B47FB3 /* PokedexCellModel.swift */ = {isa = PBXFileReference; lastKnownFileType = sourcecode.swift; path = PokedexCellModel.swift; sourceTree = "<group>"; };
		5860059028E9138700B47FB3 /* PokemonViewController.swift */ = {isa = PBXFileReference; lastKnownFileType = sourcecode.swift; path = PokemonViewController.swift; sourceTree = "<group>"; };
		5860059228E9139A00B47FB3 /* PokemonView.swift */ = {isa = PBXFileReference; lastKnownFileType = sourcecode.swift; path = PokemonView.swift; sourceTree = "<group>"; };
		5860059428E913A200B47FB3 /* PokemonViewModel.swift */ = {isa = PBXFileReference; lastKnownFileType = sourcecode.swift; path = PokemonViewModel.swift; sourceTree = "<group>"; };
		58E515ED28E9075400DEBCA1 /* PokedexCollectionView.app */ = {isa = PBXFileReference; explicitFileType = wrapper.application; includeInIndex = 0; path = PokedexCollectionView.app; sourceTree = BUILT_PRODUCTS_DIR; };
		58E515F028E9075400DEBCA1 /* AppDelegate.swift */ = {isa = PBXFileReference; lastKnownFileType = sourcecode.swift; path = AppDelegate.swift; sourceTree = "<group>"; };
		58E515F228E9075400DEBCA1 /* SceneDelegate.swift */ = {isa = PBXFileReference; lastKnownFileType = sourcecode.swift; path = SceneDelegate.swift; sourceTree = "<group>"; };
		58E515FE28E9075600DEBCA1 /* Info.plist */ = {isa = PBXFileReference; lastKnownFileType = text.plist.xml; path = Info.plist; sourceTree = "<group>"; };
		58E5160428E9078F00DEBCA1 /* PokedexViewController.swift */ = {isa = PBXFileReference; lastKnownFileType = sourcecode.swift; path = PokedexViewController.swift; sourceTree = "<group>"; };
		58E5160628E907D500DEBCA1 /* PokedexView.swift */ = {isa = PBXFileReference; lastKnownFileType = sourcecode.swift; path = PokedexView.swift; sourceTree = "<group>"; };
		58E5160828E907DF00DEBCA1 /* PokedexViewModel.swift */ = {isa = PBXFileReference; lastKnownFileType = sourcecode.swift; path = PokedexViewModel.swift; sourceTree = "<group>"; };
		58E5160B28E9081D00DEBCA1 /* PokedexCustomCell.swift */ = {isa = PBXFileReference; lastKnownFileType = sourcecode.swift; path = PokedexCustomCell.swift; sourceTree = "<group>"; };
/* End PBXFileReference section */

/* Begin PBXFrameworksBuildPhase section */
		58E515EA28E9075400DEBCA1 /* Frameworks */ = {
			isa = PBXFrameworksBuildPhase;
			buildActionMask = 2147483647;
			files = (
			);
			runOnlyForDeploymentPostprocessing = 0;
		};
/* End PBXFrameworksBuildPhase section */

/* Begin PBXGroup section */
		5860058728E9091600B47FB3 /* Networking */ = {
			isa = PBXGroup;
			children = (
				5860058528E9090D00B47FB3 /* NetworkManager.swift */,
			);
			path = Networking;
			sourceTree = "<group>";
		};
		5860058E28E90D2C00B47FB3 /* Models */ = {
			isa = PBXGroup;
			children = (
				5860058828E90C2E00B47FB3 /* PokedexModel.swift */,
				5860058C28E90D1E00B47FB3 /* PokedexCellModel.swift */,
				5860058A28E90C6A00B47FB3 /* PokedexImageAndTypeModel.swift */,
			);
			path = Models;
			sourceTree = "<group>";
		};
		5860058F28E90D3400B47FB3 /* Views */ = {
			isa = PBXGroup;
			children = (
				58E5160628E907D500DEBCA1 /* PokedexView.swift */,
				58E5160B28E9081D00DEBCA1 /* PokedexCustomCell.swift */,
			);
			path = Views;
			sourceTree = "<group>";
		};
		5860059628E913A700B47FB3 /* Pokemon */ = {
			isa = PBXGroup;
			children = (
				5860059228E9139A00B47FB3 /* PokemonView.swift */,
				5860059428E913A200B47FB3 /* PokemonViewModel.swift */,
				5860059028E9138700B47FB3 /* PokemonViewController.swift */,
			);
			path = Pokemon;
			sourceTree = "<group>";
		};
		58E515E428E9075400DEBCA1 = {
			isa = PBXGroup;
			children = (
				58E515EF28E9075400DEBCA1 /* PokedexCollectionView */,
				58E515EE28E9075400DEBCA1 /* Products */,
			);
			sourceTree = "<group>";
		};
		58E515EE28E9075400DEBCA1 /* Products */ = {
			isa = PBXGroup;
			children = (
				58E515ED28E9075400DEBCA1 /* PokedexCollectionView.app */,
			);
			name = Products;
			sourceTree = "<group>";
		};
		58E515EF28E9075400DEBCA1 /* PokedexCollectionView */ = {
			isa = PBXGroup;
			children = (
				58E5160A28E907E700DEBCA1 /* Pokedex */,
				58E5160D28E908E300DEBCA1 /* Resources */,
				58E515FE28E9075600DEBCA1 /* Info.plist */,
				5860059628E913A700B47FB3 /* Pokemon */,
				5860058728E9091600B47FB3 /* Networking */,
			);
			path = PokedexCollectionView;
			sourceTree = "<group>";
		};
		58E5160A28E907E700DEBCA1 /* Pokedex */ = {
			isa = PBXGroup;
			children = (
				5860058E28E90D2C00B47FB3 /* Models */,
				5860058F28E90D3400B47FB3 /* Views */,
				58E5160828E907DF00DEBCA1 /* PokedexViewModel.swift */,
				58E5160428E9078F00DEBCA1 /* PokedexViewController.swift */,
			);
			path = Pokedex;
			sourceTree = "<group>";
		};
		58E5160D28E908E300DEBCA1 /* Resources */ = {
			isa = PBXGroup;
			children = (
				58E515F028E9075400DEBCA1 /* AppDelegate.swift */,
				58E515F228E9075400DEBCA1 /* SceneDelegate.swift */,
			);
			path = Resources;
			sourceTree = "<group>";
		};
/* End PBXGroup section */

/* Begin PBXNativeTarget section */
		58E515EC28E9075400DEBCA1 /* PokedexCollectionView */ = {
			isa = PBXNativeTarget;
			buildConfigurationList = 58E5160128E9075600DEBCA1 /* Build configuration list for PBXNativeTarget "PokedexCollectionView" */;
			buildPhases = (
				58E515E928E9075400DEBCA1 /* Sources */,
				58E515EA28E9075400DEBCA1 /* Frameworks */,
				58E515EB28E9075400DEBCA1 /* Resources */,
			);
			buildRules = (
			);
			dependencies = (
			);
			name = PokedexCollectionView;
			productName = PokedexCollectionView;
			productReference = 58E515ED28E9075400DEBCA1 /* PokedexCollectionView.app */;
			productType = "com.apple.product-type.application";
		};
/* End PBXNativeTarget section */

/* Begin PBXProject section */
		58E515E528E9075400DEBCA1 /* Project object */ = {
			isa = PBXProject;
			attributes = {
				BuildIndependentTargetsInParallel = 1;
				LastSwiftUpdateCheck = 1410;
				LastUpgradeCheck = 1400;
				TargetAttributes = {
					58E515EC28E9075400DEBCA1 = {
						CreatedOnToolsVersion = 14.0.1;
					};
				};
			};
			buildConfigurationList = 58E515E828E9075400DEBCA1 /* Build configuration list for PBXProject "PokedexCollectionView" */;
			compatibilityVersion = "Xcode 14.0";
			developmentRegion = en;
			hasScannedForEncodings = 0;
			knownRegions = (
				en,
				Base,
			);
			mainGroup = 58E515E428E9075400DEBCA1;
			productRefGroup = 58E515EE28E9075400DEBCA1 /* Products */;
			projectDirPath = "";
			projectRoot = "";
			targets = (
				58E515EC28E9075400DEBCA1 /* PokedexCollectionView */,
			);
		};
/* End PBXProject section */

/* Begin PBXResourcesBuildPhase section */
		58E515EB28E9075400DEBCA1 /* Resources */ = {
			isa = PBXResourcesBuildPhase;
			buildActionMask = 2147483647;
			files = (
			);
			runOnlyForDeploymentPostprocessing = 0;
		};
/* End PBXResourcesBuildPhase section */

/* Begin PBXSourcesBuildPhase section */
		58E515E928E9075400DEBCA1 /* Sources */ = {
			isa = PBXSourcesBuildPhase;
			buildActionMask = 2147483647;
			files = (
				5860059328E9139A00B47FB3 /* PokemonView.swift in Sources */,
				58E5160528E9078F00DEBCA1 /* PokedexViewController.swift in Sources */,
				5860058B28E90C6A00B47FB3 /* PokedexImageAndTypeModel.swift in Sources */,
				5860059128E9138700B47FB3 /* PokemonViewController.swift in Sources */,
				58E5160C28E9081D00DEBCA1 /* PokedexCustomCell.swift in Sources */,
				5860058D28E90D1E00B47FB3 /* PokedexCellModel.swift in Sources */,
				5860059528E913A200B47FB3 /* PokemonViewModel.swift in Sources */,
				58E515F128E9075400DEBCA1 /* AppDelegate.swift in Sources */,
				5860058628E9090D00B47FB3 /* NetworkManager.swift in Sources */,
				58E515F328E9075400DEBCA1 /* SceneDelegate.swift in Sources */,
				58E5160928E907DF00DEBCA1 /* PokedexViewModel.swift in Sources */,
				5860058928E90C2E00B47FB3 /* PokedexModel.swift in Sources */,
				58E5160728E907D500DEBCA1 /* PokedexView.swift in Sources */,
			);
			runOnlyForDeploymentPostprocessing = 0;
		};
/* End PBXSourcesBuildPhase section */

/* Begin XCBuildConfiguration section */
		58E515FF28E9075600DEBCA1 /* Debug */ = {
			isa = XCBuildConfiguration;
			buildSettings = {
				ALWAYS_SEARCH_USER_PATHS = NO;
				CLANG_ANALYZER_NONNULL = YES;
				CLANG_ANALYZER_NUMBER_OBJECT_CONVERSION = YES_AGGRESSIVE;
				CLANG_CXX_LANGUAGE_STANDARD = "gnu++20";
				CLANG_ENABLE_MODULES = YES;
				CLANG_ENABLE_OBJC_ARC = YES;
				CLANG_ENABLE_OBJC_WEAK = YES;
				CLANG_WARN_BLOCK_CAPTURE_AUTORELEASING = YES;
				CLANG_WARN_BOOL_CONVERSION = YES;
				CLANG_WARN_COMMA = YES;
				CLANG_WARN_CONSTANT_CONVERSION = YES;
				CLANG_WARN_DEPRECATED_OBJC_IMPLEMENTATIONS = YES;
				CLANG_WARN_DIRECT_OBJC_ISA_USAGE = YES_ERROR;
				CLANG_WARN_DOCUMENTATION_COMMENTS = YES;
				CLANG_WARN_EMPTY_BODY = YES;
				CLANG_WARN_ENUM_CONVERSION = YES;
				CLANG_WARN_INFINITE_RECURSION = YES;
				CLANG_WARN_INT_CONVERSION = YES;
				CLANG_WARN_NON_LITERAL_NULL_CONVERSION = YES;
				CLANG_WARN_OBJC_IMPLICIT_RETAIN_SELF = YES;
				CLANG_WARN_OBJC_LITERAL_CONVERSION = YES;
				CLANG_WARN_OBJC_ROOT_CLASS = YES_ERROR;
				CLANG_WARN_QUOTED_INCLUDE_IN_FRAMEWORK_HEADER = YES;
				CLANG_WARN_RANGE_LOOP_ANALYSIS = YES;
				CLANG_WARN_STRICT_PROTOTYPES = YES;
				CLANG_WARN_SUSPICIOUS_MOVE = YES;
				CLANG_WARN_UNGUARDED_AVAILABILITY = YES_AGGRESSIVE;
				CLANG_WARN_UNREACHABLE_CODE = YES;
				CLANG_WARN__DUPLICATE_METHOD_MATCH = YES;
				COPY_PHASE_STRIP = NO;
				DEBUG_INFORMATION_FORMAT = dwarf;
				ENABLE_STRICT_OBJC_MSGSEND = YES;
				ENABLE_TESTABILITY = YES;
				GCC_C_LANGUAGE_STANDARD = gnu11;
				GCC_DYNAMIC_NO_PIC = NO;
				GCC_NO_COMMON_BLOCKS = YES;
				GCC_OPTIMIZATION_LEVEL = 0;
				GCC_PREPROCESSOR_DEFINITIONS = (
					"DEBUG=1",
					"$(inherited)",
				);
				GCC_WARN_64_TO_32_BIT_CONVERSION = YES;
				GCC_WARN_ABOUT_RETURN_TYPE = YES_ERROR;
				GCC_WARN_UNDECLARED_SELECTOR = YES;
				GCC_WARN_UNINITIALIZED_AUTOS = YES_AGGRESSIVE;
				GCC_WARN_UNUSED_FUNCTION = YES;
				GCC_WARN_UNUSED_VARIABLE = YES;
				IPHONEOS_DEPLOYMENT_TARGET = 16.0;
				MTL_ENABLE_DEBUG_INFO = INCLUDE_SOURCE;
				MTL_FAST_MATH = YES;
				ONLY_ACTIVE_ARCH = YES;
				SDKROOT = iphoneos;
				SWIFT_ACTIVE_COMPILATION_CONDITIONS = DEBUG;
				SWIFT_OPTIMIZATION_LEVEL = "-Onone";
			};
			name = Debug;
		};
		58E5160028E9075600DEBCA1 /* Release */ = {
			isa = XCBuildConfiguration;
			buildSettings = {
				ALWAYS_SEARCH_USER_PATHS = NO;
				CLANG_ANALYZER_NONNULL = YES;
				CLANG_ANALYZER_NUMBER_OBJECT_CONVERSION = YES_AGGRESSIVE;
				CLANG_CXX_LANGUAGE_STANDARD = "gnu++20";
				CLANG_ENABLE_MODULES = YES;
				CLANG_ENABLE_OBJC_ARC = YES;
				CLANG_ENABLE_OBJC_WEAK = YES;
				CLANG_WARN_BLOCK_CAPTURE_AUTORELEASING = YES;
				CLANG_WARN_BOOL_CONVERSION = YES;
				CLANG_WARN_COMMA = YES;
				CLANG_WARN_CONSTANT_CONVERSION = YES;
				CLANG_WARN_DEPRECATED_OBJC_IMPLEMENTATIONS = YES;
				CLANG_WARN_DIRECT_OBJC_ISA_USAGE = YES_ERROR;
				CLANG_WARN_DOCUMENTATION_COMMENTS = YES;
				CLANG_WARN_EMPTY_BODY = YES;
				CLANG_WARN_ENUM_CONVERSION = YES;
				CLANG_WARN_INFINITE_RECURSION = YES;
				CLANG_WARN_INT_CONVERSION = YES;
				CLANG_WARN_NON_LITERAL_NULL_CONVERSION = YES;
				CLANG_WARN_OBJC_IMPLICIT_RETAIN_SELF = YES;
				CLANG_WARN_OBJC_LITERAL_CONVERSION = YES;
				CLANG_WARN_OBJC_ROOT_CLASS = YES_ERROR;
				CLANG_WARN_QUOTED_INCLUDE_IN_FRAMEWORK_HEADER = YES;
				CLANG_WARN_RANGE_LOOP_ANALYSIS = YES;
				CLANG_WARN_STRICT_PROTOTYPES = YES;
				CLANG_WARN_SUSPICIOUS_MOVE = YES;
				CLANG_WARN_UNGUARDED_AVAILABILITY = YES_AGGRESSIVE;
				CLANG_WARN_UNREACHABLE_CODE = YES;
				CLANG_WARN__DUPLICATE_METHOD_MATCH = YES;
				COPY_PHASE_STRIP = NO;
				DEBUG_INFORMATION_FORMAT = "dwarf-with-dsym";
				ENABLE_NS_ASSERTIONS = NO;
				ENABLE_STRICT_OBJC_MSGSEND = YES;
				GCC_C_LANGUAGE_STANDARD = gnu11;
				GCC_NO_COMMON_BLOCKS = YES;
				GCC_WARN_64_TO_32_BIT_CONVERSION = YES;
				GCC_WARN_ABOUT_RETURN_TYPE = YES_ERROR;
				GCC_WARN_UNDECLARED_SELECTOR = YES;
				GCC_WARN_UNINITIALIZED_AUTOS = YES_AGGRESSIVE;
				GCC_WARN_UNUSED_FUNCTION = YES;
				GCC_WARN_UNUSED_VARIABLE = YES;
				IPHONEOS_DEPLOYMENT_TARGET = 16.0;
				MTL_ENABLE_DEBUG_INFO = NO;
				MTL_FAST_MATH = YES;
				SDKROOT = iphoneos;
				SWIFT_COMPILATION_MODE = wholemodule;
				SWIFT_OPTIMIZATION_LEVEL = "-O";
				VALIDATE_PRODUCT = YES;
			};
			name = Release;
		};
		58E5160228E9075600DEBCA1 /* Debug */ = {
			isa = XCBuildConfiguration;
			buildSettings = {
				ASSETCATALOG_COMPILER_APPICON_NAME = AppIcon;
				ASSETCATALOG_COMPILER_GLOBAL_ACCENT_COLOR_NAME = AccentColor;
				CODE_SIGN_STYLE = Automatic;
				CURRENT_PROJECT_VERSION = 1;
				GENERATE_INFOPLIST_FILE = YES;
				INFOPLIST_FILE = PokedexCollectionView/Info.plist;
				INFOPLIST_KEY_UIApplicationSupportsIndirectInputEvents = YES;
				INFOPLIST_KEY_UILaunchStoryboardName = LaunchScreen;
				INFOPLIST_KEY_UISupportedInterfaceOrientations_iPad = "UIInterfaceOrientationPortrait UIInterfaceOrientationPortraitUpsideDown UIInterfaceOrientationLandscapeLeft UIInterfaceOrientationLandscapeRight";
				INFOPLIST_KEY_UISupportedInterfaceOrientations_iPhone = "UIInterfaceOrientationPortrait UIInterfaceOrientationLandscapeLeft UIInterfaceOrientationLandscapeRight";
				LD_RUNPATH_SEARCH_PATHS = (
					"$(inherited)",
					"@executable_path/Frameworks",
				);
				MARKETING_VERSION = 1.0;
				PRODUCT_BUNDLE_IDENTIFIER = com.hollis.PokedexCollectionView;
				PRODUCT_NAME = "$(TARGET_NAME)";
				SWIFT_EMIT_LOC_STRINGS = YES;
				SWIFT_VERSION = 5.0;
				TARGETED_DEVICE_FAMILY = "1,2";
			};
			name = Debug;
		};
		58E5160328E9075600DEBCA1 /* Release */ = {
			isa = XCBuildConfiguration;
			buildSettings = {
				ASSETCATALOG_COMPILER_APPICON_NAME = AppIcon;
				ASSETCATALOG_COMPILER_GLOBAL_ACCENT_COLOR_NAME = AccentColor;
				CODE_SIGN_STYLE = Automatic;
				CURRENT_PROJECT_VERSION = 1;
				GENERATE_INFOPLIST_FILE = YES;
				INFOPLIST_FILE = PokedexCollectionView/Info.plist;
				INFOPLIST_KEY_UIApplicationSupportsIndirectInputEvents = YES;
				INFOPLIST_KEY_UILaunchStoryboardName = LaunchScreen;
				INFOPLIST_KEY_UISupportedInterfaceOrientations_iPad = "UIInterfaceOrientationPortrait UIInterfaceOrientationPortraitUpsideDown UIInterfaceOrientationLandscapeLeft UIInterfaceOrientationLandscapeRight";
				INFOPLIST_KEY_UISupportedInterfaceOrientations_iPhone = "UIInterfaceOrientationPortrait UIInterfaceOrientationLandscapeLeft UIInterfaceOrientationLandscapeRight";
				LD_RUNPATH_SEARCH_PATHS = (
					"$(inherited)",
					"@executable_path/Frameworks",
				);
				MARKETING_VERSION = 1.0;
				PRODUCT_BUNDLE_IDENTIFIER = com.hollis.PokedexCollectionView;
				PRODUCT_NAME = "$(TARGET_NAME)";
				SWIFT_EMIT_LOC_STRINGS = YES;
				SWIFT_VERSION = 5.0;
				TARGETED_DEVICE_FAMILY = "1,2";
			};
			name = Release;
		};
/* End XCBuildConfiguration section */

/* Begin XCConfigurationList section */
		58E515E828E9075400DEBCA1 /* Build configuration list for PBXProject "PokedexCollectionView" */ = {
			isa = XCConfigurationList;
			buildConfigurations = (
				58E515FF28E9075600DEBCA1 /* Debug */,
				58E5160028E9075600DEBCA1 /* Release */,
			);
			defaultConfigurationIsVisible = 0;
			defaultConfigurationName = Release;
		};
		58E5160128E9075600DEBCA1 /* Build configuration list for PBXNativeTarget "PokedexCollectionView" */ = {
			isa = XCConfigurationList;
			buildConfigurations = (
				58E5160228E9075600DEBCA1 /* Debug */,
				58E5160328E9075600DEBCA1 /* Release */,
			);
			defaultConfigurationIsVisible = 0;
			defaultConfigurationName = Release;
		};
/* End XCConfigurationList section */
	};
	rootObject = 58E515E528E9075400DEBCA1 /* Project object */;
}
